
Microsoft Visual Studio Solution File, Format Version 12.00
# Visual Studio Version 16
VisualStudioVersion = 16.6.30114.105
MinimumVisualStudioVersion = 10.0.40219.1
Project("{2150E333-8FDC-42A3-9474-1A3956D46DE8}") = "src", "src", "{83F66425-7358-4019-B1D5-7A604B22BF99}"
EndProject
Project("{FAE04EC0-301F-11D3-BF4B-00C04F79EFBC}") = "CommandAPI", "src\CommandAPI\CommandAPI.csproj", "{D2C1840A-02AB-4DDE-B07E-D4C0894AFEEB}"
EndProject
Project("{2150E333-8FDC-42A3-9474-1A3956D46DE8}") = "test", "test", "{890F47BD-F0EE-4062-90DF-4EEDC4C64459}"
EndProject
Project("{FAE04EC0-301F-11D3-BF4B-00C04F79EFBC}") = "CommandAPI.Tests", "test\CommandAPI.Tests\CommandAPI.Tests.csproj", "{E1FECFB4-859D-4181-8652-3A9624CEB183}"
EndProject
Global
	GlobalSection(SolutionConfigurationPlatforms) = preSolution
		Debug|Any CPU = Debug|Any CPU
		Debug|x64 = Debug|x64
		Debug|x86 = Debug|x86
		Release|Any CPU = Release|Any CPU
		Release|x64 = Release|x64
		Release|x86 = Release|x86
	EndGlobalSection
	GlobalSection(SolutionProperties) = preSolution
		HideSolutionNode = FALSE
	EndGlobalSection
	GlobalSection(ProjectConfigurationPlatforms) = postSolution
		{D2C1840A-02AB-4DDE-B07E-D4C0894AFEEB}.Debug|Any CPU.ActiveCfg = Debug|Any CPU
		{D2C1840A-02AB-4DDE-B07E-D4C0894AFEEB}.Debug|Any CPU.Build.0 = Debug|Any CPU
		{D2C1840A-02AB-4DDE-B07E-D4C0894AFEEB}.Debug|x64.ActiveCfg = Debug|Any CPU
		{D2C1840A-02AB-4DDE-B07E-D4C0894AFEEB}.Debug|x64.Build.0 = Debug|Any CPU
		{D2C1840A-02AB-4DDE-B07E-D4C0894AFEEB}.Debug|x86.ActiveCfg = Debug|Any CPU
		{D2C1840A-02AB-4DDE-B07E-D4C0894AFEEB}.Debug|x86.Build.0 = Debug|Any CPU
		{D2C1840A-02AB-4DDE-B07E-D4C0894AFEEB}.Release|Any CPU.ActiveCfg = Release|Any CPU
		{D2C1840A-02AB-4DDE-B07E-D4C0894AFEEB}.Release|Any CPU.Build.0 = Release|Any CPU
		{D2C1840A-02AB-4DDE-B07E-D4C0894AFEEB}.Release|x64.ActiveCfg = Release|Any CPU
		{D2C1840A-02AB-4DDE-B07E-D4C0894AFEEB}.Release|x64.Build.0 = Release|Any CPU
		{D2C1840A-02AB-4DDE-B07E-D4C0894AFEEB}.Release|x86.ActiveCfg = Release|Any CPU
		{D2C1840A-02AB-4DDE-B07E-D4C0894AFEEB}.Release|x86.Build.0 = Release|Any CPU
		{E1FECFB4-859D-4181-8652-3A9624CEB183}.Debug|Any CPU.ActiveCfg = Debug|Any CPU
		{E1FECFB4-859D-4181-8652-3A9624CEB183}.Debug|Any CPU.Build.0 = Debug|Any CPU
		{E1FECFB4-859D-4181-8652-3A9624CEB183}.Debug|x64.ActiveCfg = Debug|Any CPU
		{E1FECFB4-859D-4181-8652-3A9624CEB183}.Debug|x64.Build.0 = Debug|Any CPU
		{E1FECFB4-859D-4181-8652-3A9624CEB183}.Debug|x86.ActiveCfg = Debug|Any CPU
		{E1FECFB4-859D-4181-8652-3A9624CEB183}.Debug|x86.Build.0 = Debug|Any CPU
		{E1FECFB4-859D-4181-8652-3A9624CEB183}.Release|Any CPU.ActiveCfg = Release|Any CPU
		{E1FECFB4-859D-4181-8652-3A9624CEB183}.Release|Any CPU.Build.0 = Release|Any CPU
		{E1FECFB4-859D-4181-8652-3A9624CEB183}.Release|x64.ActiveCfg = Release|Any CPU
		{E1FECFB4-859D-4181-8652-3A9624CEB183}.Release|x64.Build.0 = Release|Any CPU
		{E1FECFB4-859D-4181-8652-3A9624CEB183}.Release|x86.ActiveCfg = Release|Any CPU
		{E1FECFB4-859D-4181-8652-3A9624CEB183}.Release|x86.Build.0 = Release|Any CPU
	EndGlobalSection
	GlobalSection(NestedProjects) = preSolution
		{D2C1840A-02AB-4DDE-B07E-D4C0894AFEEB} = {83F66425-7358-4019-B1D5-7A604B22BF99}
		{E1FECFB4-859D-4181-8652-3A9624CEB183} = {890F47BD-F0EE-4062-90DF-4EEDC4C64459}
	EndGlobalSection
EndGlobal
